
Microsoft Visual Studio Solution File, Format Version 12.00
# Visual Studio Version 17
VisualStudioVersion = 17.10.35013.160
MinimumVisualStudioVersion = 10.0.40219.1
Project("{FAE04EC0-301F-11D3-BF4B-00C04F79EFBC}") = "Modernize.API", "Modernize.API\Modernize.API.csproj", "{3DCB3AB0-1F42-406F-AAC8-3ADC60319BE5}"
EndProject
Project("{FAE04EC0-301F-11D3-BF4B-00C04F79EFBC}") = "Modernize.Application", "Modernize.Application\Modernize.Application.csproj", "{BBD05D51-56B6-4255-BAF9-E17E492679F0}"
EndProject
Project("{FAE04EC0-301F-11D3-BF4B-00C04F79EFBC}") = "Modernize.Domain", "Modernize.Domain\Modernize.Domain.csproj", "{A45E795F-5A1C-43B2-A998-54476DCFFC13}"
EndProject
Project("{FAE04EC0-301F-11D3-BF4B-00C04F79EFBC}") = "Modernize.Infrastructure", "Modernize.Infrastructure\Modernize.Infrastructure.csproj", "{D1100E35-F4B9-4AAC-9049-AA42651A8032}"
EndProject
Global
	GlobalSection(SolutionConfigurationPlatforms) = preSolution
		Debug|Any CPU = Debug|Any CPU
		Release|Any CPU = Release|Any CPU
	EndGlobalSection
	GlobalSection(ProjectConfigurationPlatforms) = postSolution
		{3DCB3AB0-1F42-406F-AAC8-3ADC60319BE5}.Debug|Any CPU.ActiveCfg = Debug|Any CPU
		{3DCB3AB0-1F42-406F-AAC8-3ADC60319BE5}.Debug|Any CPU.Build.0 = Debug|Any CPU
		{3DCB3AB0-1F42-406F-AAC8-3ADC60319BE5}.Release|Any CPU.ActiveCfg = Release|Any CPU
		{3DCB3AB0-1F42-406F-AAC8-3ADC60319BE5}.Release|Any CPU.Build.0 = Release|Any CPU
		{BBD05D51-56B6-4255-BAF9-E17E492679F0}.Debug|Any CPU.ActiveCfg = Debug|Any CPU
		{BBD05D51-56B6-4255-BAF9-E17E492679F0}.Debug|Any CPU.Build.0 = Debug|Any CPU
		{BBD05D51-56B6-4255-BAF9-E17E492679F0}.Release|Any CPU.ActiveCfg = Release|Any CPU
		{BBD05D51-56B6-4255-BAF9-E17E492679F0}.Release|Any CPU.Build.0 = Release|Any CPU
		{A45E795F-5A1C-43B2-A998-54476DCFFC13}.Debug|Any CPU.ActiveCfg = Debug|Any CPU
		{A45E795F-5A1C-43B2-A998-54476DCFFC13}.Debug|Any CPU.Build.0 = Debug|Any CPU
		{A45E795F-5A1C-43B2-A998-54476DCFFC13}.Release|Any CPU.ActiveCfg = Release|Any CPU
		{A45E795F-5A1C-43B2-A998-54476DCFFC13}.Release|Any CPU.Build.0 = Release|Any CPU
		{D1100E35-F4B9-4AAC-9049-AA42651A8032}.Debug|Any CPU.ActiveCfg = Debug|Any CPU
		{D1100E35-F4B9-4AAC-9049-AA42651A8032}.Debug|Any CPU.Build.0 = Debug|Any CPU
		{D1100E35-F4B9-4AAC-9049-AA42651A8032}.Release|Any CPU.ActiveCfg = Release|Any CPU
		{D1100E35-F4B9-4AAC-9049-AA42651A8032}.Release|Any CPU.Build.0 = Release|Any CPU
	EndGlobalSection
	GlobalSection(SolutionProperties) = preSolution
		HideSolutionNode = FALSE
	EndGlobalSection
	GlobalSection(ExtensibilityGlobals) = postSolution
		SolutionGuid = {326405DC-705F-4904-961B-7BECBCEE6C0A}
	EndGlobalSection
EndGlobal
